
Microsoft Visual Studio Solution File, Format Version 12.00
# Visual Studio 15
VisualStudioVersion = 15.0.27703.2026
MinimumVisualStudioVersion = 10.0.40219.1
Project("{FAE04EC0-301F-11D3-BF4B-00C04F79EFBC}") = "GherkinTests", "GherkinTests\GherkinTests.csproj", "{AF0CCD52-8755-495C-BBD0-1454AC92334D}"
EndProject
Project("{FAE04EC0-301F-11D3-BF4B-00C04F79EFBC}") = "SandBox", "SandBox\SandBox.csproj", "{5A79047C-4537-4DEB-B2ED-84F6A6A11C9A}"
EndProject
Project("{FAE04EC0-301F-11D3-BF4B-00C04F79EFBC}") = "Toggles", "Toggles\Toggles.csproj", "{6FAF52BD-F611-440A-B8DA-0110DDC9DDDD}"
EndProject
Global
	GlobalSection(SolutionConfigurationPlatforms) = preSolution
		Debug|Any CPU = Debug|Any CPU
		Release|Any CPU = Release|Any CPU
	EndGlobalSection
	GlobalSection(ProjectConfigurationPlatforms) = postSolution
		{AF0CCD52-8755-495C-BBD0-1454AC92334D}.Debug|Any CPU.ActiveCfg = Debug|Any CPU
		{AF0CCD52-8755-495C-BBD0-1454AC92334D}.Debug|Any CPU.Build.0 = Debug|Any CPU
		{AF0CCD52-8755-495C-BBD0-1454AC92334D}.Release|Any CPU.ActiveCfg = Release|Any CPU
		{AF0CCD52-8755-495C-BBD0-1454AC92334D}.Release|Any CPU.Build.0 = Release|Any CPU
		{5A79047C-4537-4DEB-B2ED-84F6A6A11C9A}.Debug|Any CPU.ActiveCfg = Debug|Any CPU
		{5A79047C-4537-4DEB-B2ED-84F6A6A11C9A}.Debug|Any CPU.Build.0 = Debug|Any CPU
		{5A79047C-4537-4DEB-B2ED-84F6A6A11C9A}.Release|Any CPU.ActiveCfg = Release|Any CPU
		{5A79047C-4537-4DEB-B2ED-84F6A6A11C9A}.Release|Any CPU.Build.0 = Release|Any CPU
		{6FAF52BD-F611-440A-B8DA-0110DDC9DDDD}.Debug|Any CPU.ActiveCfg = Debug|Any CPU
		{6FAF52BD-F611-440A-B8DA-0110DDC9DDDD}.Debug|Any CPU.Build.0 = Debug|Any CPU
		{6FAF52BD-F611-440A-B8DA-0110DDC9DDDD}.Release|Any CPU.ActiveCfg = Release|Any CPU
		{6FAF52BD-F611-440A-B8DA-0110DDC9DDDD}.Release|Any CPU.Build.0 = Release|Any CPU
	EndGlobalSection
	GlobalSection(SolutionProperties) = preSolution
		HideSolutionNode = FALSE
	EndGlobalSection
	GlobalSection(ExtensibilityGlobals) = postSolution
		SolutionGuid = {35165DB9-614E-416F-B00A-E0E833BE2405}
	EndGlobalSection
EndGlobal
